
Microsoft Visual Studio Solution File, Format Version 12.00
# Visual Studio Version 17
VisualStudioVersion = 17.9.34616.47
MinimumVisualStudioVersion = 10.0.40219.1
Project("{FAE04EC0-301F-11D3-BF4B-00C04F79EFBC}") = "Library.Core", "Library.Core\Library.Core.csproj", "{45AFBC2D-202F-4C6C-9B7E-5A8E07EB9D26}"
EndProject
Project("{FAE04EC0-301F-11D3-BF4B-00C04F79EFBC}") = "Library.Tests", "Library.Tests\Library.Tests.csproj", "{19E5818E-F899-4479-A417-CF9437D71783}"
EndProject
Global
	GlobalSection(SolutionConfigurationPlatforms) = preSolution
		Debug|Any CPU = Debug|Any CPU
		Release|Any CPU = Release|Any CPU
	EndGlobalSection
	GlobalSection(ProjectConfigurationPlatforms) = postSolution
		{45AFBC2D-202F-4C6C-9B7E-5A8E07EB9D26}.Debug|Any CPU.ActiveCfg = Debug|Any CPU
		{45AFBC2D-202F-4C6C-9B7E-5A8E07EB9D26}.Debug|Any CPU.Build.0 = Debug|Any CPU
		{45AFBC2D-202F-4C6C-9B7E-5A8E07EB9D26}.Release|Any CPU.ActiveCfg = Release|Any CPU
		{45AFBC2D-202F-4C6C-9B7E-5A8E07EB9D26}.Release|Any CPU.Build.0 = Release|Any CPU
		{19E5818E-F899-4479-A417-CF9437D71783}.Debug|Any CPU.ActiveCfg = Debug|Any CPU
		{19E5818E-F899-4479-A417-CF9437D71783}.Debug|Any CPU.Build.0 = Debug|Any CPU
		{19E5818E-F899-4479-A417-CF9437D71783}.Release|Any CPU.ActiveCfg = Release|Any CPU
		{19E5818E-F899-4479-A417-CF9437D71783}.Release|Any CPU.Build.0 = Release|Any CPU
	EndGlobalSection
	GlobalSection(SolutionProperties) = preSolution
		HideSolutionNode = FALSE
	EndGlobalSection
	GlobalSection(ExtensibilityGlobals) = postSolution
		SolutionGuid = {62B72500-A1E3-4E9C-9542-C3FB6778A002}
	EndGlobalSection
EndGlobal
